
Microsoft Visual Studio Solution File, Format Version 12.00
# Visual Studio Version 16
VisualStudioVersion = 16.0.30907.101
MinimumVisualStudioVersion = 10.0.40219.1
Project("{8BC9CEB8-8B4A-11D0-8D11-00A0C91BC942}") = "Індивідуальна робота №1", "Індивідуальна робота №1\Індивідуальна робота №1.vcxproj", "{4F2F9204-33F0-49A3-8F93-BD61C42F5F51}"
EndProject
Project("{8BC9CEB8-8B4A-11D0-8D11-00A0C91BC942}") = "2.Практичне заняття", "2.Практичне заняття\2.Практичне заняття.vcxproj", "{C84AB6B0-FC81-4C32-B5E6-A9A32FDBD8CE}"
EndProject
Project("{8BC9CEB8-8B4A-11D0-8D11-00A0C91BC942}") = "2.Практичне заняття №2", "2.Практичне заняття №2\2.Практичне заняття №2.vcxproj", "{A2806FF7-A3F1-4295-80E4-774ED049EDB4}"
EndProject
Project("{8BC9CEB8-8B4A-11D0-8D11-00A0C91BC942}") = "3.Практичне заняття", "3.Практичне заняття\3.Практичне заняття.vcxproj", "{0144C8A9-1C5E-49F0-AB18-5A175D68AE1D}"
EndProject
Project("{8BC9CEB8-8B4A-11D0-8D11-00A0C91BC942}") = "3.Практичне заняття 2.1", "3.Практичне заняття 2.1\3.Практичне заняття 2.1.vcxproj", "{5222341F-196D-4C6E-9052-1EE4E557D3CC}"
EndProject
Project("{8BC9CEB8-8B4A-11D0-8D11-00A0C91BC942}") = "3.Практичне заняття 2.2", "3.Практичне заняття 2.2\3.Практичне заняття 2.2.vcxproj", "{73A5DB3F-0CC6-4885-9A11-F8C22E5FD0B0}"
EndProject
Project("{8BC9CEB8-8B4A-11D0-8D11-00A0C91BC942}") = "3.Практичне заняття 2.3", "3.Практичне заняття 2.3\3.Практичне заняття 2.3.vcxproj", "{E5F539B9-B292-432F-9A03-4382C3C422E1}"
EndProject
Project("{8BC9CEB8-8B4A-11D0-8D11-00A0C91BC942}") = "3.Практичне заняття 2.4", "3.Практичне заняття 2.4\3.Практичне заняття 2.4.vcxproj", "{6E6BE410-FB3C-41A7-904F-7C1ACB498FC8}"
EndProject
Project("{2150E333-8FDC-42A3-9474-1A3956D46DE8}") = "Практичне заняття 1", "Практичне заняття 1", "{27DC188D-94D0-4DB5-9D95-8B74FF75BB08}"
	ProjectSection(SolutionItems) = preProject
		1.Практичне заняття 2.3\1. Практичне заняття 2.3.cpp = 1.Практичне заняття 2.3\1. Практичне заняття 2.3.cpp
		1.Практичне заняття\1.Практичне заняття.cpp = 1.Практичне заняття\1.Практичне заняття.cpp
	EndProjectSection
EndProject
Project("{2150E333-8FDC-42A3-9474-1A3956D46DE8}") = "Практичне заняття 2", "Практичне заняття 2", "{1BBA947C-6CA0-4186-8E79-F22737EF749A}"
EndProject
Project("{2150E333-8FDC-42A3-9474-1A3956D46DE8}") = "Практичне заняття 3", "Практичне заняття 3", "{11BD05BF-90CF-4F79-8C3C-FD97B8D10312}"
EndProject
Project("{2150E333-8FDC-42A3-9474-1A3956D46DE8}") = "Індивідуальні", "Індивідуальні", "{B665740B-129A-43F7-B891-0B38D39C53CB}"
EndProject
Project("{2150E333-8FDC-42A3-9474-1A3956D46DE8}") = "Практичне заняття 5", "Практичне заняття 5", "{0E228403-6859-4002-B3E3-4D9C71B9D844}"
	ProjectSection(SolutionItems) = preProject
		5. Практичне заняття\5. Практичнне заняття.cpp = 5. Практичне заняття\5. Практичнне заняття.cpp
	EndProjectSection
EndProject
Global
	GlobalSection(SolutionConfigurationPlatforms) = preSolution
		Debug|x64 = Debug|x64
		Debug|x86 = Debug|x86
		Release|x64 = Release|x64
		Release|x86 = Release|x86
	EndGlobalSection
	GlobalSection(ProjectConfigurationPlatforms) = postSolution
		{4F2F9204-33F0-49A3-8F93-BD61C42F5F51}.Debug|x64.ActiveCfg = Debug|x64
		{4F2F9204-33F0-49A3-8F93-BD61C42F5F51}.Debug|x64.Build.0 = Debug|x64
		{4F2F9204-33F0-49A3-8F93-BD61C42F5F51}.Debug|x86.ActiveCfg = Debug|Win32
		{4F2F9204-33F0-49A3-8F93-BD61C42F5F51}.Debug|x86.Build.0 = Debug|Win32
		{4F2F9204-33F0-49A3-8F93-BD61C42F5F51}.Release|x64.ActiveCfg = Release|x64
		{4F2F9204-33F0-49A3-8F93-BD61C42F5F51}.Release|x64.Build.0 = Release|x64
		{4F2F9204-33F0-49A3-8F93-BD61C42F5F51}.Release|x86.ActiveCfg = Release|Win32
		{4F2F9204-33F0-49A3-8F93-BD61C42F5F51}.Release|x86.Build.0 = Release|Win32
		{C84AB6B0-FC81-4C32-B5E6-A9A32FDBD8CE}.Debug|x64.ActiveCfg = Debug|x64
		{C84AB6B0-FC81-4C32-B5E6-A9A32FDBD8CE}.Debug|x64.Build.0 = Debug|x64
		{C84AB6B0-FC81-4C32-B5E6-A9A32FDBD8CE}.Debug|x86.ActiveCfg = Debug|Win32
		{C84AB6B0-FC81-4C32-B5E6-A9A32FDBD8CE}.Debug|x86.Build.0 = Debug|Win32
		{C84AB6B0-FC81-4C32-B5E6-A9A32FDBD8CE}.Release|x64.ActiveCfg = Release|x64
		{C84AB6B0-FC81-4C32-B5E6-A9A32FDBD8CE}.Release|x64.Build.0 = Release|x64
		{C84AB6B0-FC81-4C32-B5E6-A9A32FDBD8CE}.Release|x86.ActiveCfg = Release|Win32
		{C84AB6B0-FC81-4C32-B5E6-A9A32FDBD8CE}.Release|x86.Build.0 = Release|Win32
		{A2806FF7-A3F1-4295-80E4-774ED049EDB4}.Debug|x64.ActiveCfg = Debug|x64
		{A2806FF7-A3F1-4295-80E4-774ED049EDB4}.Debug|x64.Build.0 = Debug|x64
		{A2806FF7-A3F1-4295-80E4-774ED049EDB4}.Debug|x86.ActiveCfg = Debug|Win32
		{A2806FF7-A3F1-4295-80E4-774ED049EDB4}.Debug|x86.Build.0 = Debug|Win32
		{A2806FF7-A3F1-4295-80E4-774ED049EDB4}.Release|x64.ActiveCfg = Release|x64
		{A2806FF7-A3F1-4295-80E4-774ED049EDB4}.Release|x64.Build.0 = Release|x64
		{A2806FF7-A3F1-4295-80E4-774ED049EDB4}.Release|x86.ActiveCfg = Release|Win32
		{A2806FF7-A3F1-4295-80E4-774ED049EDB4}.Release|x86.Build.0 = Release|Win32
		{0144C8A9-1C5E-49F0-AB18-5A175D68AE1D}.Debug|x64.ActiveCfg = Debug|x64
		{0144C8A9-1C5E-49F0-AB18-5A175D68AE1D}.Debug|x64.Build.0 = Debug|x64
		{0144C8A9-1C5E-49F0-AB18-5A175D68AE1D}.Debug|x86.ActiveCfg = Debug|Win32
		{0144C8A9-1C5E-49F0-AB18-5A175D68AE1D}.Debug|x86.Build.0 = Debug|Win32
		{0144C8A9-1C5E-49F0-AB18-5A175D68AE1D}.Release|x64.ActiveCfg = Release|x64
		{0144C8A9-1C5E-49F0-AB18-5A175D68AE1D}.Release|x64.Build.0 = Release|x64
		{0144C8A9-1C5E-49F0-AB18-5A175D68AE1D}.Release|x86.ActiveCfg = Release|Win32
		{0144C8A9-1C5E-49F0-AB18-5A175D68AE1D}.Release|x86.Build.0 = Release|Win32
		{5222341F-196D-4C6E-9052-1EE4E557D3CC}.Debug|x64.ActiveCfg = Debug|x64
		{5222341F-196D-4C6E-9052-1EE4E557D3CC}.Debug|x64.Build.0 = Debug|x64
		{5222341F-196D-4C6E-9052-1EE4E557D3CC}.Debug|x86.ActiveCfg = Debug|Win32
		{5222341F-196D-4C6E-9052-1EE4E557D3CC}.Debug|x86.Build.0 = Debug|Win32
		{5222341F-196D-4C6E-9052-1EE4E557D3CC}.Release|x64.ActiveCfg = Release|x64
		{5222341F-196D-4C6E-9052-1EE4E557D3CC}.Release|x64.Build.0 = Release|x64
		{5222341F-196D-4C6E-9052-1EE4E557D3CC}.Release|x86.ActiveCfg = Release|Win32
		{5222341F-196D-4C6E-9052-1EE4E557D3CC}.Release|x86.Build.0 = Release|Win32
		{73A5DB3F-0CC6-4885-9A11-F8C22E5FD0B0}.Debug|x64.ActiveCfg = Debug|x64
		{73A5DB3F-0CC6-4885-9A11-F8C22E5FD0B0}.Debug|x64.Build.0 = Debug|x64
		{73A5DB3F-0CC6-4885-9A11-F8C22E5FD0B0}.Debug|x86.ActiveCfg = Debug|Win32
		{73A5DB3F-0CC6-4885-9A11-F8C22E5FD0B0}.Debug|x86.Build.0 = Debug|Win32
		{73A5DB3F-0CC6-4885-9A11-F8C22E5FD0B0}.Release|x64.ActiveCfg = Release|x64
		{73A5DB3F-0CC6-4885-9A11-F8C22E5FD0B0}.Release|x64.Build.0 = Release|x64
		{73A5DB3F-0CC6-4885-9A11-F8C22E5FD0B0}.Release|x86.ActiveCfg = Release|Win32
		{73A5DB3F-0CC6-4885-9A11-F8C22E5FD0B0}.Release|x86.Build.0 = Release|Win32
		{E5F539B9-B292-432F-9A03-4382C3C422E1}.Debug|x64.ActiveCfg = Debug|x64
		{E5F539B9-B292-432F-9A03-4382C3C422E1}.Debug|x64.Build.0 = Debug|x64
		{E5F539B9-B292-432F-9A03-4382C3C422E1}.Debug|x86.ActiveCfg = Debug|Win32
		{E5F539B9-B292-432F-9A03-4382C3C422E1}.Debug|x86.Build.0 = Debug|Win32
		{E5F539B9-B292-432F-9A03-4382C3C422E1}.Release|x64.ActiveCfg = Release|x64
		{E5F539B9-B292-432F-9A03-4382C3C422E1}.Release|x64.Build.0 = Release|x64
		{E5F539B9-B292-432F-9A03-4382C3C422E1}.Release|x86.ActiveCfg = Release|Win32
		{E5F539B9-B292-432F-9A03-4382C3C422E1}.Release|x86.Build.0 = Release|Win32
		{6E6BE410-FB3C-41A7-904F-7C1ACB498FC8}.Debug|x64.ActiveCfg = Debug|x64
		{6E6BE410-FB3C-41A7-904F-7C1ACB498FC8}.Debug|x64.Build.0 = Debug|x64
		{6E6BE410-FB3C-41A7-904F-7C1ACB498FC8}.Debug|x86.ActiveCfg = Debug|Win32
		{6E6BE410-FB3C-41A7-904F-7C1ACB498FC8}.Debug|x86.Build.0 = Debug|Win32
		{6E6BE410-FB3C-41A7-904F-7C1ACB498FC8}.Release|x64.ActiveCfg = Release|x64
		{6E6BE410-FB3C-41A7-904F-7C1ACB498FC8}.Release|x64.Build.0 = Release|x64
		{6E6BE410-FB3C-41A7-904F-7C1ACB498FC8}.Release|x86.ActiveCfg = Release|Win32
		{6E6BE410-FB3C-41A7-904F-7C1ACB498FC8}.Release|x86.Build.0 = Release|Win32
	EndGlobalSection
	GlobalSection(SolutionProperties) = preSolution
		HideSolutionNode = FALSE
	EndGlobalSection
	GlobalSection(NestedProjects) = preSolution
		{4F2F9204-33F0-49A3-8F93-BD61C42F5F51} = {B665740B-129A-43F7-B891-0B38D39C53CB}
		{C84AB6B0-FC81-4C32-B5E6-A9A32FDBD8CE} = {1BBA947C-6CA0-4186-8E79-F22737EF749A}
		{A2806FF7-A3F1-4295-80E4-774ED049EDB4} = {1BBA947C-6CA0-4186-8E79-F22737EF749A}
		{0144C8A9-1C5E-49F0-AB18-5A175D68AE1D} = {11BD05BF-90CF-4F79-8C3C-FD97B8D10312}
		{5222341F-196D-4C6E-9052-1EE4E557D3CC} = {11BD05BF-90CF-4F79-8C3C-FD97B8D10312}
		{73A5DB3F-0CC6-4885-9A11-F8C22E5FD0B0} = {11BD05BF-90CF-4F79-8C3C-FD97B8D10312}
		{E5F539B9-B292-432F-9A03-4382C3C422E1} = {11BD05BF-90CF-4F79-8C3C-FD97B8D10312}
		{6E6BE410-FB3C-41A7-904F-7C1ACB498FC8} = {11BD05BF-90CF-4F79-8C3C-FD97B8D10312}
	EndGlobalSection
	GlobalSection(ExtensibilityGlobals) = postSolution
		SolutionGuid = {4AF461CE-DD3A-45D7-A21E-CDEA4E0DDE96}
	EndGlobalSection
EndGlobal
